
Microsoft Visual Studio Solution File, Format Version 12.00
# Visual Studio 14
VisualStudioVersion = 14.0.25420.1
MinimumVisualStudioVersion = 10.0.40219.1
Project("{FAE04EC0-301F-11D3-BF4B-00C04F79EFBC}") = "XDev.ScriptingTool.ConsolePresentation", "XDev.ScriptingTool.ConsolePresentation\XDev.ScriptingTool.ConsolePresentation.csproj", "{F09B3B0F-A9C2-4859-B682-7E6385F80DB0}"
EndProject
Project("{FAE04EC0-301F-11D3-BF4B-00C04F79EFBC}") = "XDev.ScriptingTool", "XDev.ScriptingTool\XDev.ScriptingTool.csproj", "{28DC396D-54F2-446F-A334-3784376C0B23}"
EndProject
Global
	GlobalSection(SolutionConfigurationPlatforms) = preSolution
		Debug|Any CPU = Debug|Any CPU
		Release|Any CPU = Release|Any CPU
	EndGlobalSection
	GlobalSection(ProjectConfigurationPlatforms) = postSolution
		{F09B3B0F-A9C2-4859-B682-7E6385F80DB0}.Debug|Any CPU.ActiveCfg = Debug|Any CPU
		{F09B3B0F-A9C2-4859-B682-7E6385F80DB0}.Debug|Any CPU.Build.0 = Debug|Any CPU
		{F09B3B0F-A9C2-4859-B682-7E6385F80DB0}.Release|Any CPU.ActiveCfg = Release|Any CPU
		{F09B3B0F-A9C2-4859-B682-7E6385F80DB0}.Release|Any CPU.Build.0 = Release|Any CPU
		{28DC396D-54F2-446F-A334-3784376C0B23}.Debug|Any CPU.ActiveCfg = Debug|Any CPU
		{28DC396D-54F2-446F-A334-3784376C0B23}.Debug|Any CPU.Build.0 = Debug|Any CPU
		{28DC396D-54F2-446F-A334-3784376C0B23}.Release|Any CPU.ActiveCfg = Release|Any CPU
		{28DC396D-54F2-446F-A334-3784376C0B23}.Release|Any CPU.Build.0 = Release|Any CPU
	EndGlobalSection
	GlobalSection(SolutionProperties) = preSolution
		HideSolutionNode = FALSE
	EndGlobalSection
EndGlobal
